
Microsoft Visual Studio Solution File, Format Version 12.00
# Visual Studio Version 17
VisualStudioVersion = 17.3.32922.545
MinimumVisualStudioVersion = 10.0.40219.1
Project("{FAE04EC0-301F-11D3-BF4B-00C04F79EFBC}") = "Devs2World.Domain.SeedWork", "Devs2World.Domain.SeedWork\Devs2World.Domain.SeedWork.csproj", "{A73D3ACD-9BEA-4BA6-B7F6-367A79665DFC}"
EndProject
Global
	GlobalSection(SolutionConfigurationPlatforms) = preSolution
		Debug|Any CPU = Debug|Any CPU
		Release|Any CPU = Release|Any CPU
	EndGlobalSection
	GlobalSection(ProjectConfigurationPlatforms) = postSolution
		{A73D3ACD-9BEA-4BA6-B7F6-367A79665DFC}.Debug|Any CPU.ActiveCfg = Debug|Any CPU
		{A73D3ACD-9BEA-4BA6-B7F6-367A79665DFC}.Debug|Any CPU.Build.0 = Debug|Any CPU
		{A73D3ACD-9BEA-4BA6-B7F6-367A79665DFC}.Release|Any CPU.ActiveCfg = Release|Any CPU
		{A73D3ACD-9BEA-4BA6-B7F6-367A79665DFC}.Release|Any CPU.Build.0 = Release|Any CPU
	EndGlobalSection
	GlobalSection(SolutionProperties) = preSolution
		HideSolutionNode = FALSE
	EndGlobalSection
	GlobalSection(ExtensibilityGlobals) = postSolution
		SolutionGuid = {553FD787-4AA5-400C-8E3E-B1514B108A2A}
	EndGlobalSection
EndGlobal
